
Microsoft Visual Studio Solution File, Format Version 12.00
# Visual Studio Version 16
VisualStudioVersion = 16.0.29123.88
MinimumVisualStudioVersion = 10.0.40219.1
Project("{FAE04EC0-301F-11D3-BF4B-00C04F79EFBC}") = "Task3", "Task3\Task3.csproj", "{82653D1D-A783-43C8-8B1E-D10295C9C5DB}"
EndProject
Global
	GlobalSection(SolutionConfigurationPlatforms) = preSolution
		Debug|Any CPU = Debug|Any CPU
		Release|Any CPU = Release|Any CPU
	EndGlobalSection
	GlobalSection(ProjectConfigurationPlatforms) = postSolution
		{82653D1D-A783-43C8-8B1E-D10295C9C5DB}.Debug|Any CPU.ActiveCfg = Debug|Any CPU
		{82653D1D-A783-43C8-8B1E-D10295C9C5DB}.Debug|Any CPU.Build.0 = Debug|Any CPU
		{82653D1D-A783-43C8-8B1E-D10295C9C5DB}.Release|Any CPU.ActiveCfg = Release|Any CPU
		{82653D1D-A783-43C8-8B1E-D10295C9C5DB}.Release|Any CPU.Build.0 = Release|Any CPU
	EndGlobalSection
	GlobalSection(SolutionProperties) = preSolution
		HideSolutionNode = FALSE
	EndGlobalSection
	GlobalSection(ExtensibilityGlobals) = postSolution
		SolutionGuid = {E12CC56C-6EE5-4220-A7A1-F6CEA39552B8}
	EndGlobalSection
EndGlobal
